{
  "nodes": {
    "nixpkgs": {
      "locked": {
        "lastModified": 1722589669,
        "narHash": "sha256-rxDnGBZK+Sp3df20nCCRrtQzRrJKxY7KtcYNPo5yfg8=",
        "owner": "nixos",
        "repo": "nixpkgs",
        "rev": "42015a129a2ae1cd43a44490e8235d2b24c8a2e2",
        "type": "github"
      },
      "original": {
        "owner": "nixos",
        "ref": "nixos-unstable-small",
        "repo": "nixpkgs",
        "type": "github"
      }
    },
    "root": {
      "inputs": {
        "nixpkgs": "nixpkgs"
      }
    }
  },
  "root": "root",
  "version": 7
}
